
Microsoft Visual Studio Solution File, Format Version 12.00
# Visual Studio Version 17
VisualStudioVersion = 17.3.32929.385
MinimumVisualStudioVersion = 10.0.40219.1
Project("{FAE04EC0-301F-11D3-BF4B-00C04F79EFBC}") = "InvoiceGenerator", "InvoiceGenerator\InvoiceGenerator.csproj", "{65411763-5ACB-405D-B415-2E6F65BAE9AE}"
EndProject
Global
	GlobalSection(SolutionConfigurationPlatforms) = preSolution
		Debug|Any CPU = Debug|Any CPU
		Release|Any CPU = Release|Any CPU
	EndGlobalSection
	GlobalSection(ProjectConfigurationPlatforms) = postSolution
		{65411763-5ACB-405D-B415-2E6F65BAE9AE}.Debug|Any CPU.ActiveCfg = Debug|Any CPU
		{65411763-5ACB-405D-B415-2E6F65BAE9AE}.Debug|Any CPU.Build.0 = Debug|Any CPU
		{65411763-5ACB-405D-B415-2E6F65BAE9AE}.Release|Any CPU.ActiveCfg = Release|Any CPU
		{65411763-5ACB-405D-B415-2E6F65BAE9AE}.Release|Any CPU.Build.0 = Release|Any CPU
	EndGlobalSection
	GlobalSection(SolutionProperties) = preSolution
		HideSolutionNode = FALSE
	EndGlobalSection
	GlobalSection(ExtensibilityGlobals) = postSolution
		SolutionGuid = {524CC98A-4AC9-4A46-8933-994D57896178}
	EndGlobalSection
EndGlobal
